
Microsoft Visual Studio Solution File, Format Version 12.00
# Visual Studio Version 17
VisualStudioVersion = 17.3.32929.385
MinimumVisualStudioVersion = 10.0.40219.1
Project("{FAE04EC0-301F-11D3-BF4B-00C04F79EFBC}") = "TicketsSystem", "TicketsSystem\TicketsSystem.csproj", "{306C9C85-8974-4092-81DA-8A370823F9DA}"
EndProject
Global
	GlobalSection(SolutionConfigurationPlatforms) = preSolution
		Debug|Any CPU = Debug|Any CPU
		Release|Any CPU = Release|Any CPU
	EndGlobalSection
	GlobalSection(ProjectConfigurationPlatforms) = postSolution
		{306C9C85-8974-4092-81DA-8A370823F9DA}.Debug|Any CPU.ActiveCfg = Debug|Any CPU
		{306C9C85-8974-4092-81DA-8A370823F9DA}.Debug|Any CPU.Build.0 = Debug|Any CPU
		{306C9C85-8974-4092-81DA-8A370823F9DA}.Release|Any CPU.ActiveCfg = Release|Any CPU
		{306C9C85-8974-4092-81DA-8A370823F9DA}.Release|Any CPU.Build.0 = Release|Any CPU
	EndGlobalSection
	GlobalSection(SolutionProperties) = preSolution
		HideSolutionNode = FALSE
	EndGlobalSection
	GlobalSection(ExtensibilityGlobals) = postSolution
		SolutionGuid = {018BD15D-E61E-4DD7-9750-6ABB63422CC0}
	EndGlobalSection
EndGlobal
